<?xml version="1.0" encoding="utf-8"?>
<Project ToolsVersion="4.0" xmlns="http://schemas.microsoft.com/developer/msbuild/2003">
  <ItemGroup>
    <Filter Include="Header Files">
      <UniqueIdentifier>{49cd8bc0-b92b-4d04-892b-0e4c4e6dab60}</UniqueIdentifier>
    </Filter>
    <Filter Include="Source Files">
      <UniqueIdentifier>{978612fc-9f9c-42ea-98e0-97c81b48e3c8}</UniqueIdentifier>
    </Filter>
    <Filter Include="Resource Files">
      <UniqueIdentifier>{41f2fc2e-b513-42a6-955e-10899a0486a5}</UniqueIdentifier>
    </Filter>
  </ItemGroup>
  <ItemGroup>
    <ClInclude Include="Source\framework.h">
      <Filter>Header Files</Filter>
    </ClInclude>
    <ClInclude Include="Source\Entry\Initialize.h">
      <Filter>Header Files</Filter>
    </ClInclude>
    <ClInclude Include="Source\PEer_pch.h">
      <Filter>Header Files</Filter>
    </ClInclude>
    <ClInclude Include="Source\ServiceManager\IService.h" />
    <ClInclude Include="Source\ServiceManager\ServiceTable.h" />
    <ClInclude Include="Source\ServiceManager\Services\Services.h" />
    <ClInclude Include="Source\ServiceManager\config.h" />
    <ClInclude Include="Source\Events\Exceptions\ServiceManagerExceptions.h" />
    <ClInclude Include="Source\Utilities\Service\GetWaitTime.h" />
    <ClInclude Include="Source\Utilities\Service\OpenSCManager.h" />
    <ClInclude Include="Source\RuntimeSafety\RuntimeSafety.h" />
    <ClInclude Include="Source\RuntimeSafety\config.h" />
    <ClInclude Include="Source\Entry\InitializeThreads.h" />
    <ClInclude Include="Source\Entry\config.h" />
    <ClInclude Include="Source\NetworkFilterManager\IFilter.h" />
    <ClInclude Include="Source\Types\Networking.h" />
    <ClInclude Include="Source\NetworkFilterManager\FilterTable.h" />
    <ClInclude Include="Source\NetworkFilterManager\Filters\Filters.h" />
    <ClInclude Include="Source\NetworkFilterManager\config.h" />
    <ClInclude Include="Source\Utilities\Filters\WFP.h" />
    <ClInclude Include="Source\Events\Exceptions\NetworkFilterManagerExceptions.h" />
    <ClInclude Include="Source\Utilities\Converters\DecToHexStr.h" />
    <ClInclude Include="Source\NetworkFilterManager\FilterEventCallbacks.h" />
    <ClInclude Include="Source\Utilities\Converters\StrToWStr.h" />
    <ClInclude Include="Source\Utilities\SocketOperations\SocketOperations.h" />
    <ClInclude Include="Source\Helpers\OperationHelper\OperationHelper.h" />
    <ClInclude Include="Source\Events\Exceptions\SocketOperationExceptions.h" />
    <ClInclude Include="Source\Events\Exceptions\NetworkOperationExceptions.h" />
    <ClInclude Include="Source\Events\Logger\Logger.h" />
    <ClInclude Include="Source\Events\Logger\OstreamLogger.h" />
    <ClInclude Include="Source\Utilities\Crypto\Base64EncDec.h" />
    <ClInclude Include="Source\Utilities\Crypto\HexEncDec.h" />
    <ClInclude Include="Source\Crypto\config.h" />
    <ClInclude Include="Source\Crypto\CryptoService.h" />
    <ClInclude Include="Source\Events\Exceptions\CryptoOperationException.h" />
    <ClInclude Include="Source\Utilities\ZeroBuffer\ZeroBuffer.h" />
    <ClInclude Include="Source\ConnectionManager\Core\Core.h" />
    <ClInclude Include="Source\Events\Exceptions\ServerCoreExceptions.h" />
    <ClInclude Include="Source\ConnectionManager\SessionHandling\Session\Session.h" />
    <ClInclude Include="Source\Utilities\NameMangling\NameMangling.h" />
    <ClInclude Include="Source\Types\Time.h" />
    <ClInclude Include="Source\Types\Filters.h" />
    <ClInclude Include="Source\Types\Session.h" />
    <ClInclude Include="Source\Events\Exceptions\ConnectionManagerExceptions.h" />
    <ClInclude Include="Source\ConnectionManager\SessionHandling\SessionOperator\SessionOperator.h" />
    <ClInclude Include="Source\TaskManager\TaskManager.h" />
    <ClInclude Include="Source\TaskManager\Tasks\Default\Default.h" />
    <ClInclude Include="Source\TaskManager\TaskTable.h" />
    <ClInclude Include="Source\TaskManager\config.h" />
    <ClInclude Include="Source\Types\Task.h" />
    <ClInclude Include="Source\TaskManager\Tasks\Runtime\NetworkSanitization.h" />
    <ClInclude Include="Source\TaskManager\Tasks\Runtime\ServiceSanitization.h" />
    <ClInclude Include="Source\TaskManager\ITask.h" />
    <ClInclude Include="Source\Events\Exceptions\TaskManagerExceptions.h" />
    <ClInclude Include="Source\TaskManager\Tasks\Telemetry\Startup.h" />
    <ClInclude Include="Source\Protocols\TELEMETRY\TELEMETRY.h" />
    <ClInclude Include="Source\Remote\Connect.h" />
    <ClInclude Include="Source\Helpers\ConnectionHelper\ConnectionHelper.h" />
    <ClInclude Include="Source\Remote\config.h" />
    <ClInclude Include="Source\ConnectionManager\SessionHandling\SessionOperator\config.h" />
    <ClInclude Include="Source\TaskManager\Tasks\Telemetry\TaskCallback.h" />
    <ClInclude Include="Source\TaskManager\Tasks\Telemetry\config.h" />
  </ItemGroup>
  <ItemGroup>
    <ClCompile Include="Source\PEer_pch.cpp">
      <Filter>Source Files</Filter>
    </ClCompile>
    <ClCompile Include="Source\Entry\Initialize.cpp">
      <Filter>Source Files</Filter>
    </ClCompile>
    <ClCompile Include="Source\dllmain.cpp">
      <Filter>Source Files</Filter>
    </ClCompile>
    <ClCompile Include="Source\ServiceManager\IService.cpp" />
    <ClCompile Include="Source\ServiceManager\ServiceTable.cpp" />
    <ClCompile Include="Source\ServiceManager\Services\Services.cpp" />
    <ClCompile Include="Source\Utilities\Service\GetWaitTime.cpp" />
    <ClCompile Include="Source\Utilities\Service\OpenSCManager.cpp" />
    <ClCompile Include="Source\RuntimeSafety\RuntimeSafety.cpp" />
    <ClCompile Include="Source\Entry\InitializeThreads.cpp" />
    <ClCompile Include="Source\NetworkFilterManager\IFilter.cpp" />
    <ClCompile Include="Source\NetworkFilterManager\FilterTable.cpp" />
    <ClCompile Include="Source\NetworkFilterManager\Filters\Filters.cpp" />
    <ClCompile Include="Source\Utilities\Filters\WFP.cpp" />
    <ClCompile Include="Source\Utilities\Converters\DecToHexStr.cpp" />
    <ClCompile Include="Source\Utilities\Converters\StrToWStr.cpp" />
    <ClCompile Include="Source\Utilities\SocketOperations\SocketOperations.cpp" />
    <ClCompile Include="Source\Helpers\OperationHelper\OperationHelper.cpp" />
    <ClCompile Include="Source\Utilities\Crypto\Base64EncDec.cpp" />
    <ClCompile Include="Source\Utilities\Crypto\HexEncDec.cpp" />
    <ClCompile Include="Source\Crypto\CryptoService.cpp" />
    <ClCompile Include="Source\Utilities\ZeroBuffer\ZeroBuffer.cpp" />
    <ClCompile Include="Source\ConnectionManager\Core\Core.cpp" />
    <ClCompile Include="Source\ConnectionManager\SessionHandling\Session\Session.cpp" />
    <ClCompile Include="Source\Utilities\NameMangling\NameMangling.cpp" />
    <ClCompile Include="Source\ConnectionManager\SessionHandling\SessionOperator\SessionOperator.cpp" />
    <ClCompile Include="Source\TaskManager\TaskManager.cpp" />
    <ClCompile Include="Source\TaskManager\Tasks\Default\Default.cpp" />
    <ClCompile Include="Source\TaskManager\TaskTable.cpp" />
    <ClCompile Include="Source\TaskManager\Tasks\Telemetry\Startup.cpp" />
    <ClCompile Include="Source\Protocols\TELEMETRY\TELEMETRY.cpp" />
    <ClCompile Include="Source\Remote\Connect.cpp" />
    <ClCompile Include="Source\Helpers\ConnectionHelper\ConnectionHelper.cpp" />
    <ClCompile Include="Source\TaskManager\Tasks\Telemetry\TaskCallback.cpp" />
  </ItemGroup>
</Project>